
Microsoft Visual Studio Solution File, Format Version 12.00
# Visual Studio 15
VisualStudioVersion = 15.0.26430.16
MinimumVisualStudioVersion = 10.0.40219.1
Project("{151D2E53-A2C4-4D7D-83FE-D05416EBD58E}") = "Ubuntu-Gnome-Vnc-PcfDev", "Ubuntu-Gnome-Vnc-PcfDev\Ubuntu-Gnome-Vnc-PcfDev.deployproj", "{CDAE91E8-FDFB-4849-A12A-CF7B7C97BAC2}"
EndProject
Global
	GlobalSection(SolutionConfigurationPlatforms) = preSolution
		Debug|Any CPU = Debug|Any CPU
		Release|Any CPU = Release|Any CPU
	EndGlobalSection
	GlobalSection(ProjectConfigurationPlatforms) = postSolution
		{CDAE91E8-FDFB-4849-A12A-CF7B7C97BAC2}.Debug|Any CPU.ActiveCfg = Debug|Any CPU
		{CDAE91E8-FDFB-4849-A12A-CF7B7C97BAC2}.Debug|Any CPU.Build.0 = Debug|Any CPU
		{CDAE91E8-FDFB-4849-A12A-CF7B7C97BAC2}.Release|Any CPU.ActiveCfg = Release|Any CPU
		{CDAE91E8-FDFB-4849-A12A-CF7B7C97BAC2}.Release|Any CPU.Build.0 = Release|Any CPU
	EndGlobalSection
	GlobalSection(SolutionProperties) = preSolution
		HideSolutionNode = FALSE
	EndGlobalSection
EndGlobal
